
Microsoft Visual Studio Solution File, Format Version 12.00
# Visual Studio 15
VisualStudioVersion = 15.0.27703.2035
MinimumVisualStudioVersion = 10.0.40219.1
Project("{FAE04EC0-301F-11D3-BF4B-00C04F79EFBC}") = "pythonTest", "pythonTest\pythonTest.csproj", "{5469478C-8F49-4DA5-B6BA-76A71727DD48}"
EndProject
Global
	GlobalSection(SolutionConfigurationPlatforms) = preSolution
		Debug|Any CPU = Debug|Any CPU
		Release|Any CPU = Release|Any CPU
	EndGlobalSection
	GlobalSection(ProjectConfigurationPlatforms) = postSolution
		{5469478C-8F49-4DA5-B6BA-76A71727DD48}.Debug|Any CPU.ActiveCfg = Debug|Any CPU
		{5469478C-8F49-4DA5-B6BA-76A71727DD48}.Debug|Any CPU.Build.0 = Debug|Any CPU
		{5469478C-8F49-4DA5-B6BA-76A71727DD48}.Release|Any CPU.ActiveCfg = Release|Any CPU
		{5469478C-8F49-4DA5-B6BA-76A71727DD48}.Release|Any CPU.Build.0 = Release|Any CPU
	EndGlobalSection
	GlobalSection(SolutionProperties) = preSolution
		HideSolutionNode = FALSE
	EndGlobalSection
	GlobalSection(ExtensibilityGlobals) = postSolution
		SolutionGuid = {F9F36661-D690-404B-B84C-E20CF34C018A}
	EndGlobalSection
EndGlobal
